// !$*UTF8*$!
{
	archiveVersion = 1;
	classes = {
	};
	objectVersion = 46;
	objects = {

/* Begin PBXBuildFile section */
		B70858E2160EFEC7007B1204 /* Default@2x.png in Resources */ = {isa = PBXBuildFile; fileRef = B70858E1160EFEC7007B1204 /* Default@2x.png */; };
		B70858E6160F96BA007B1204 /* PZHighscoresViewController.m in Sources */ = {isa = PBXBuildFile; fileRef = B70858E4160F96B9007B1204 /* PZHighscoresViewController.m */; };
		B70858E7160F96BA007B1204 /* PZHighscoresViewController.xib in Resources */ = {isa = PBXBuildFile; fileRef = B70858E5160F96BA007B1204 /* PZHighscoresViewController.xib */; };
		B70858EA160FA882007B1204 /* PZHightscoresAccessor.m in Sources */ = {isa = PBXBuildFile; fileRef = B70858E9160FA882007B1204 /* PZHightscoresAccessor.m */; };
		B70858F916118C1B007B1204 /* HighscoresButton@2x.png in Resources */ = {isa = PBXBuildFile; fileRef = B70858F716118C1B007B1204 /* HighscoresButton@2x.png */; };
		B70858FA16118C1B007B1204 /* HighscoresButtonPressed@2x.png in Resources */ = {isa = PBXBuildFile; fileRef = B70858F816118C1B007B1204 /* HighscoresButtonPressed@2x.png */; };
		B728773F1604F23000FC253F /* PZWinViewController.m in Sources */ = {isa = PBXBuildFile; fileRef = B728773D1604F23000FC253F /* PZWinViewController.m */; };
		B72877401604F23000FC253F /* PZWinViewController.xib in Resources */ = {isa = PBXBuildFile; fileRef = B728773E1604F23000FC253F /* PZWinViewController.xib */; };
		B72877451604FE4A00FC253F /* PZMessageFormatter.m in Sources */ = {isa = PBXBuildFile; fileRef = B72877441604FE4A00FC253F /* PZMessageFormatter.m */; };
		B728774B1605225D00FC253F /* Localizable.strings in Resources */ = {isa = PBXBuildFile; fileRef = B728774D1605225D00FC253F /* Localizable.strings */; };
		B742379015A15E6B00719A6C /* puzzle_iPad.png in Resources */ = {isa = PBXBuildFile; fileRef = B742378E15A15E6B00719A6C /* puzzle_iPad.png */; };
		B742379115A15E6B00719A6C /* puzzle_iPad@2x.png in Resources */ = {isa = PBXBuildFile; fileRef = B742378F15A15E6B00719A6C /* puzzle_iPad@2x.png */; };
		B75FC92315A0FEE6002D7185 /* Default-Portrait@2x~ipad.png in Resources */ = {isa = PBXBuildFile; fileRef = B75FC92115A0FEE6002D7185 /* Default-Portrait@2x~ipad.png */; };
		B75FC92415A0FEE6002D7185 /* Default-Portrait~ipad.png in Resources */ = {isa = PBXBuildFile; fileRef = B75FC92215A0FEE6002D7185 /* Default-Portrait~ipad.png */; };
		B75FC92915A10112002D7185 /* QuartzCore.framework in Frameworks */ = {isa = PBXBuildFile; fileRef = B7AEF207159D6AE4006EFEF0 /* QuartzCore.framework */; };
		B75FC92A15A1011D002D7185 /* CoreGraphics.framework in Frameworks */ = {isa = PBXBuildFile; fileRef = B7AEF1C3159C15F8006EFEF0 /* CoreGraphics.framework */; };
		B78370FA162A8F6E00B06013 /* SmallObj.cpp in Sources */ = {isa = PBXBuildFile; fileRef = B78370F8162A8F6E00B06013 /* SmallObj.cpp */; };
		B7837100162A935100B06013 /* Singleton.cpp in Sources */ = {isa = PBXBuildFile; fileRef = B78370FE162A935100B06013 /* Singleton.cpp */; };
		B79C7CB516269631002B4357 /* PZHelpViewController.m in Sources */ = {isa = PBXBuildFile; fileRef = B79C7CB316269631002B4357 /* PZHelpViewController.m */; };
		B79C7CBA1626966E002B4357 /* PZHelpViewController.xib in Resources */ = {isa = PBXBuildFile; fileRef = B79C7CB81626966E002B4357 /* PZHelpViewController.xib */; };
		B7AC83E01628C93000910916 /* PZPuzzleSolverTest.m in Sources */ = {isa = PBXBuildFile; fileRef = B7AC83DF1628C93000910916 /* PZPuzzleSolverTest.m */; };
		B7AC83E21628CDE600910916 /* PZPuzzleSolver.mm in Sources */ = {isa = PBXBuildFile; fileRef = B7F5E818162887BA00AA2C24 /* PZPuzzleSolver.mm */; };
		B7AEF1C0159C15F8006EFEF0 /* UIKit.framework in Frameworks */ = {isa = PBXBuildFile; fileRef = B7AEF1BF159C15F8006EFEF0 /* UIKit.framework */; };
		B7AEF1C2159C15F8006EFEF0 /* Foundation.framework in Frameworks */ = {isa = PBXBuildFile; fileRef = B7AEF1C1159C15F8006EFEF0 /* Foundation.framework */; };
		B7AEF1C4159C15F8006EFEF0 /* CoreGraphics.framework in Frameworks */ = {isa = PBXBuildFile; fileRef = B7AEF1C3159C15F8006EFEF0 /* CoreGraphics.framework */; };
		B7AEF1CA159C15F8006EFEF0 /* InfoPlist.strings in Resources */ = {isa = PBXBuildFile; fileRef = B7AEF1C8159C15F8006EFEF0 /* InfoPlist.strings */; };
		B7AEF1CC159C15F8006EFEF0 /* main.m in Sources */ = {isa = PBXBuildFile; fileRef = B7AEF1CB159C15F8006EFEF0 /* main.m */; };
		B7AEF1D0159C15F8006EFEF0 /* PZAppDelegate.m in Sources */ = {isa = PBXBuildFile; fileRef = B7AEF1CF159C15F8006EFEF0 /* PZAppDelegate.m */; };
		B7AEF1D3159C15F8006EFEF0 /* PZViewController.m in Sources */ = {isa = PBXBuildFile; fileRef = B7AEF1D2159C15F8006EFEF0 /* PZViewController.m */; };
		B7AEF1D6159C15F8006EFEF0 /* PZViewController_iPhone.xib in Resources */ = {isa = PBXBuildFile; fileRef = B7AEF1D4159C15F8006EFEF0 /* PZViewController_iPhone.xib */; };
		B7AEF1D9159C15F8006EFEF0 /* PZViewController_iPad.xib in Resources */ = {isa = PBXBuildFile; fileRef = B7AEF1D7159C15F8006EFEF0 /* PZViewController_iPad.xib */; };
		B7AEF1E1159C15F9006EFEF0 /* SenTestingKit.framework in Frameworks */ = {isa = PBXBuildFile; fileRef = B7AEF1E0159C15F9006EFEF0 /* SenTestingKit.framework */; };
		B7AEF1E2159C15F9006EFEF0 /* UIKit.framework in Frameworks */ = {isa = PBXBuildFile; fileRef = B7AEF1BF159C15F8006EFEF0 /* UIKit.framework */; };
		B7AEF1E3159C15F9006EFEF0 /* Foundation.framework in Frameworks */ = {isa = PBXBuildFile; fileRef = B7AEF1C1159C15F8006EFEF0 /* Foundation.framework */; };
		B7AEF1EB159C15F9006EFEF0 /* InfoPlist.strings in Resources */ = {isa = PBXBuildFile; fileRef = B7AEF1E9159C15F9006EFEF0 /* InfoPlist.strings */; };
		B7AEF1EE159C15F9006EFEF0 /* PZPuzzleTest.m in Sources */ = {isa = PBXBuildFile; fileRef = B7AEF1ED159C15F9006EFEF0 /* PZPuzzleTest.m */; };
		B7AEF1FA159C177C006EFEF0 /* PZTileImpl.m in Sources */ = {isa = PBXBuildFile; fileRef = B7AEF1F9159C177C006EFEF0 /* PZTileImpl.m */; };
		B7AEF1FB159C177C006EFEF0 /* PZTileImpl.m in Sources */ = {isa = PBXBuildFile; fileRef = B7AEF1F9159C177C006EFEF0 /* PZTileImpl.m */; };
		B7AEF1FE159C18D0006EFEF0 /* PZPuzzle.m in Sources */ = {isa = PBXBuildFile; fileRef = B7AEF1FD159C18D0006EFEF0 /* PZPuzzle.m */; };
		B7AEF1FF159C18D0006EFEF0 /* PZPuzzle.m in Sources */ = {isa = PBXBuildFile; fileRef = B7AEF1FD159C18D0006EFEF0 /* PZPuzzle.m */; };
		B7AEF205159D37D6006EFEF0 /* PZTileLocation.m in Sources */ = {isa = PBXBuildFile; fileRef = B7AEF204159D37D6006EFEF0 /* PZTileLocation.m */; };
		B7AEF206159D37D6006EFEF0 /* PZTileLocation.m in Sources */ = {isa = PBXBuildFile; fileRef = B7AEF204159D37D6006EFEF0 /* PZTileLocation.m */; };
		B7AEF208159D6AE4006EFEF0 /* QuartzCore.framework in Frameworks */ = {isa = PBXBuildFile; fileRef = B7AEF207159D6AE4006EFEF0 /* QuartzCore.framework */; };
		B7AEF20B159D735B006EFEF0 /* puzzle_iPhone.png in Resources */ = {isa = PBXBuildFile; fileRef = B7AEF20A159D735B006EFEF0 /* puzzle_iPhone.png */; };
		B7AEF20C159D735B006EFEF0 /* puzzle_iPhone.png in Resources */ = {isa = PBXBuildFile; fileRef = B7AEF20A159D735B006EFEF0 /* puzzle_iPhone.png */; };
		B7B00A5E15FF0C840085434D /* Background_iPhone.png in Resources */ = {isa = PBXBuildFile; fileRef = B7B00A5C15FF0C830085434D /* Background_iPhone.png */; };
		B7B00A5F15FF0C840085434D /* Tiles_iPhone.png in Resources */ = {isa = PBXBuildFile; fileRef = B7B00A5D15FF0C830085434D /* Tiles_iPhone.png */; };
		B7B00A6615FF170C0085434D /* Frame_iPhone.png in Resources */ = {isa = PBXBuildFile; fileRef = B7B00A6515FF170C0085434D /* Frame_iPhone.png */; };
		B7BA97D515FF1D5B002E296D /* Background_iPhone@2x.png in Resources */ = {isa = PBXBuildFile; fileRef = B7BA97D415FF1D5B002E296D /* Background_iPhone@2x.png */; };
		B7BA97D815FF1D6A002E296D /* Frame_iPhone@2x.png in Resources */ = {isa = PBXBuildFile; fileRef = B7BA97D715FF1D6A002E296D /* Frame_iPhone@2x.png */; };
		B7BA97DA15FF1D79002E296D /* Tiles_iPhone@2x.png in Resources */ = {isa = PBXBuildFile; fileRef = B7BA97D915FF1D79002E296D /* Tiles_iPhone@2x.png */; };
		B7BA97E3160442C0002E296D /* PZStopWatch.m in Sources */ = {isa = PBXBuildFile; fileRef = B7BA97E2160442C0002E296D /* PZStopWatch.m */; };
		B7D5506A162A7E9D00DC1047 /* HelpButton@2x.png in Resources */ = {isa = PBXBuildFile; fileRef = B7D55068162A7E9D00DC1047 /* HelpButton@2x.png */; };
		B7D5506B162A7E9D00DC1047 /* HelpButtonPressed@2x.png in Resources */ = {isa = PBXBuildFile; fileRef = B7D55069162A7E9D00DC1047 /* HelpButtonPressed@2x.png */; };
		B7EEBE2215A0E69600EC5BBB /* Default.png in Resources */ = {isa = PBXBuildFile; fileRef = B7EEBE2115A0E69600EC5BBB /* Default.png */; };
		B7EEBE2415A0E9E800EC5BBB /* puzzle_iPhone@2x.png in Resources */ = {isa = PBXBuildFile; fileRef = B7EEBE2315A0E9E800EC5BBB /* puzzle_iPhone@2x.png */; };
		B7EEBE3315A0EE9200EC5BBB /* Icon_iPad.png in Resources */ = {isa = PBXBuildFile; fileRef = B7EEBE2F15A0EE9100EC5BBB /* Icon_iPad.png */; };
		B7EEBE3415A0EE9200EC5BBB /* Icon_iPad@2x.png in Resources */ = {isa = PBXBuildFile; fileRef = B7EEBE3015A0EE9100EC5BBB /* Icon_iPad@2x.png */; };
		B7EEBE3515A0EE9200EC5BBB /* Icon.png in Resources */ = {isa = PBXBuildFile; fileRef = B7EEBE3115A0EE9100EC5BBB /* Icon.png */; };
		B7EEBE3615A0EE9200EC5BBB /* Icon@2x.png in Resources */ = {isa = PBXBuildFile; fileRef = B7EEBE3215A0EE9200EC5BBB /* Icon@2x.png */; };
		B7F5E8161627771D00AA2C24 /* NSMutableArray+BinaryHeapTest.m in Sources */ = {isa = PBXBuildFile; fileRef = B7F5E8151627771D00AA2C24 /* NSMutableArray+BinaryHeapTest.m */; };
/* End PBXBuildFile section */

/* Begin PBXContainerItemProxy section */
		B7AEF1E4159C15F9006EFEF0 /* PBXContainerItemProxy */ = {
			isa = PBXContainerItemProxy;
			containerPortal = B7AEF1B2159C15F8006EFEF0 /* Project object */;
			proxyType = 1;
			remoteGlobalIDString = B7AEF1BA159C15F8006EFEF0;
			remoteInfo = Puzzle;
		};
/* End PBXContainerItemProxy section */

/* Begin PBXFileReference section */
		B70858E1160EFEC7007B1204 /* Default@2x.png */ = {isa = PBXFileReference; lastKnownFileType = image.png; name = "Default@2x.png"; path = "Puzzle/Resources/Default@2x.png"; sourceTree = SOURCE_ROOT; };
		B70858E3160F96B8007B1204 /* PZHighscoresViewController.h */ = {isa = PBXFileReference; fileEncoding = 4; lastKnownFileType = sourcecode.c.h; path = PZHighscoresViewController.h; sourceTree = "<group>"; };
		B70858E4160F96B9007B1204 /* PZHighscoresViewController.m */ = {isa = PBXFileReference; fileEncoding = 4; lastKnownFileType = sourcecode.c.objc; path = PZHighscoresViewController.m; sourceTree = "<group>"; };
		B70858E5160F96BA007B1204 /* PZHighscoresViewController.xib */ = {isa = PBXFileReference; fileEncoding = 4; lastKnownFileType = file.xib; name = PZHighscoresViewController.xib; path = ../en.lproj/PZHighscoresViewController.xib; sourceTree = "<group>"; };
		B70858E8160FA882007B1204 /* PZHightscoresAccessor.h */ = {isa = PBXFileReference; fileEncoding = 4; lastKnownFileType = sourcecode.c.h; path = PZHightscoresAccessor.h; sourceTree = "<group>"; };
		B70858E9160FA882007B1204 /* PZHightscoresAccessor.m */ = {isa = PBXFileReference; fileEncoding = 4; lastKnownFileType = sourcecode.c.objc; path = PZHightscoresAccessor.m; sourceTree = "<group>"; };
		B70858F716118C1B007B1204 /* HighscoresButton@2x.png */ = {isa = PBXFileReference; lastKnownFileType = image.png; path = "HighscoresButton@2x.png"; sourceTree = "<group>"; };
		B70858F816118C1B007B1204 /* HighscoresButtonPressed@2x.png */ = {isa = PBXFileReference; lastKnownFileType = image.png; path = "HighscoresButtonPressed@2x.png"; sourceTree = "<group>"; };
		B728773C1604F23000FC253F /* PZWinViewController.h */ = {isa = PBXFileReference; fileEncoding = 4; lastKnownFileType = sourcecode.c.h; path = PZWinViewController.h; sourceTree = "<group>"; };
		B728773D1604F23000FC253F /* PZWinViewController.m */ = {isa = PBXFileReference; fileEncoding = 4; lastKnownFileType = sourcecode.c.objc; path = PZWinViewController.m; sourceTree = "<group>"; };
		B728773E1604F23000FC253F /* PZWinViewController.xib */ = {isa = PBXFileReference; fileEncoding = 4; lastKnownFileType = file.xib; name = PZWinViewController.xib; path = ../en.lproj/PZWinViewController.xib; sourceTree = "<group>"; };
		B72877431604FE4A00FC253F /* PZMessageFormatter.h */ = {isa = PBXFileReference; fileEncoding = 4; lastKnownFileType = sourcecode.c.h; path = PZMessageFormatter.h; sourceTree = "<group>"; };
		B72877441604FE4A00FC253F /* PZMessageFormatter.m */ = {isa = PBXFileReference; fileEncoding = 4; lastKnownFileType = sourcecode.c.objc; path = PZMessageFormatter.m; sourceTree = "<group>"; };
		B728774C1605225D00FC253F /* en */ = {isa = PBXFileReference; lastKnownFileType = text.plist.strings; name = en; path = en.lproj/Localizable.strings; sourceTree = "<group>"; };
		B728774E1605227E00FC253F /* ru */ = {isa = PBXFileReference; lastKnownFileType = text.plist.strings; name = ru; path = ru.lproj/Localizable.strings; sourceTree = "<group>"; };
		B742378E15A15E6B00719A6C /* puzzle_iPad.png */ = {isa = PBXFileReference; lastKnownFileType = image.png; path = puzzle_iPad.png; sourceTree = "<group>"; };
		B742378F15A15E6B00719A6C /* puzzle_iPad@2x.png */ = {isa = PBXFileReference; lastKnownFileType = image.png; path = "puzzle_iPad@2x.png"; sourceTree = "<group>"; };
		B75FC92115A0FEE6002D7185 /* Default-Portrait@2x~ipad.png */ = {isa = PBXFileReference; lastKnownFileType = image.png; path = "Default-Portrait@2x~ipad.png"; sourceTree = "<group>"; };
		B75FC92215A0FEE6002D7185 /* Default-Portrait~ipad.png */ = {isa = PBXFileReference; lastKnownFileType = image.png; path = "Default-Portrait~ipad.png"; sourceTree = "<group>"; };
		B78370F7162A8F5F00B06013 /* SmallObj.h */ = {isa = PBXFileReference; fileEncoding = 4; lastKnownFileType = sourcecode.c.h; path = SmallObj.h; sourceTree = "<group>"; };
		B78370F8162A8F6E00B06013 /* SmallObj.cpp */ = {isa = PBXFileReference; fileEncoding = 4; lastKnownFileType = sourcecode.cpp.cpp; path = SmallObj.cpp; sourceTree = "<group>"; };
		B78370FB162A8F9E00B06013 /* LokiExport.h */ = {isa = PBXFileReference; fileEncoding = 4; lastKnownFileType = sourcecode.c.h; path = LokiExport.h; sourceTree = "<group>"; };
		B78370FC162A8FB100B06013 /* Threads.h */ = {isa = PBXFileReference; fileEncoding = 4; lastKnownFileType = sourcecode.c.h; path = Threads.h; sourceTree = "<group>"; };
		B78370FD162A8FBF00B06013 /* Singleton.h */ = {isa = PBXFileReference; fileEncoding = 4; lastKnownFileType = sourcecode.c.h; path = Singleton.h; sourceTree = "<group>"; };
		B78370FE162A935100B06013 /* Singleton.cpp */ = {isa = PBXFileReference; fileEncoding = 4; lastKnownFileType = sourcecode.cpp.cpp; path = Singleton.cpp; sourceTree = "<group>"; };
		B79C7CB216269631002B4357 /* PZHelpViewController.h */ = {isa = PBXFileReference; fileEncoding = 4; lastKnownFileType = sourcecode.c.h; path = PZHelpViewController.h; sourceTree = "<group>"; };
		B79C7CB316269631002B4357 /* PZHelpViewController.m */ = {isa = PBXFileReference; fileEncoding = 4; lastKnownFileType = sourcecode.c.objc; path = PZHelpViewController.m; sourceTree = "<group>"; };
		B79C7CB91626966E002B4357 /* en */ = {isa = PBXFileReference; lastKnownFileType = file.xib; name = en; path = en.lproj/PZHelpViewController.xib; sourceTree = "<group>"; };
		B7AC83DE1628C93000910916 /* PZPuzzleSolverTest.h */ = {isa = PBXFileReference; fileEncoding = 4; lastKnownFileType = sourcecode.c.h; path = PZPuzzleSolverTest.h; sourceTree = "<group>"; };
		B7AC83DF1628C93000910916 /* PZPuzzleSolverTest.m */ = {isa = PBXFileReference; fileEncoding = 4; lastKnownFileType = sourcecode.c.objc; path = PZPuzzleSolverTest.m; sourceTree = "<group>"; };
		B7AEF1BB159C15F8006EFEF0 /* Puzzle.app */ = {isa = PBXFileReference; explicitFileType = wrapper.application; includeInIndex = 0; path = Puzzle.app; sourceTree = BUILT_PRODUCTS_DIR; };
		B7AEF1BF159C15F8006EFEF0 /* UIKit.framework */ = {isa = PBXFileReference; lastKnownFileType = wrapper.framework; name = UIKit.framework; path = System/Library/Frameworks/UIKit.framework; sourceTree = SDKROOT; };
		B7AEF1C1159C15F8006EFEF0 /* Foundation.framework */ = {isa = PBXFileReference; lastKnownFileType = wrapper.framework; name = Foundation.framework; path = System/Library/Frameworks/Foundation.framework; sourceTree = SDKROOT; };
		B7AEF1C3159C15F8006EFEF0 /* CoreGraphics.framework */ = {isa = PBXFileReference; lastKnownFileType = wrapper.framework; name = CoreGraphics.framework; path = System/Library/Frameworks/CoreGraphics.framework; sourceTree = SDKROOT; };
		B7AEF1C7159C15F8006EFEF0 /* Puzzle-Info.plist */ = {isa = PBXFileReference; lastKnownFileType = text.plist.xml; path = "Puzzle-Info.plist"; sourceTree = "<group>"; };
		B7AEF1C9159C15F8006EFEF0 /* en */ = {isa = PBXFileReference; lastKnownFileType = text.plist.strings; name = en; path = en.lproj/InfoPlist.strings; sourceTree = "<group>"; };
		B7AEF1CB159C15F8006EFEF0 /* main.m */ = {isa = PBXFileReference; lastKnownFileType = sourcecode.c.objc; path = main.m; sourceTree = "<group>"; };
		B7AEF1CD159C15F8006EFEF0 /* Puzzle-Prefix.pch */ = {isa = PBXFileReference; lastKnownFileType = sourcecode.c.h; path = "Puzzle-Prefix.pch"; sourceTree = "<group>"; };
		B7AEF1CE159C15F8006EFEF0 /* PZAppDelegate.h */ = {isa = PBXFileReference; lastKnownFileType = sourcecode.c.h; path = PZAppDelegate.h; sourceTree = "<group>"; };
		B7AEF1CF159C15F8006EFEF0 /* PZAppDelegate.m */ = {isa = PBXFileReference; lastKnownFileType = sourcecode.c.objc; path = PZAppDelegate.m; sourceTree = "<group>"; };
		B7AEF1D1159C15F8006EFEF0 /* PZViewController.h */ = {isa = PBXFileReference; lastKnownFileType = sourcecode.c.h; path = PZViewController.h; sourceTree = "<group>"; };
		B7AEF1D2159C15F8006EFEF0 /* PZViewController.m */ = {isa = PBXFileReference; lastKnownFileType = sourcecode.c.objc; path = PZViewController.m; sourceTree = "<group>"; };
		B7AEF1D5159C15F8006EFEF0 /* en */ = {isa = PBXFileReference; lastKnownFileType = file.xib; name = en; path = en.lproj/PZViewController_iPhone.xib; sourceTree = "<group>"; };
		B7AEF1D8159C15F8006EFEF0 /* en */ = {isa = PBXFileReference; lastKnownFileType = file.xib; name = en; path = en.lproj/PZViewController_iPad.xib; sourceTree = "<group>"; };
		B7AEF1DF159C15F9006EFEF0 /* PuzzleTests.octest */ = {isa = PBXFileReference; explicitFileType = wrapper.cfbundle; includeInIndex = 0; path = PuzzleTests.octest; sourceTree = BUILT_PRODUCTS_DIR; };
		B7AEF1E0159C15F9006EFEF0 /* SenTestingKit.framework */ = {isa = PBXFileReference; lastKnownFileType = wrapper.framework; name = SenTestingKit.framework; path = Library/Frameworks/SenTestingKit.framework; sourceTree = DEVELOPER_DIR; };
		B7AEF1E8159C15F9006EFEF0 /* PuzzleTests-Info.plist */ = {isa = PBXFileReference; lastKnownFileType = text.plist.xml; path = "PuzzleTests-Info.plist"; sourceTree = "<group>"; };
		B7AEF1EA159C15F9006EFEF0 /* en */ = {isa = PBXFileReference; lastKnownFileType = text.plist.strings; name = en; path = en.lproj/InfoPlist.strings; sourceTree = "<group>"; };
		B7AEF1EC159C15F9006EFEF0 /* PZPuzzleTest.h */ = {isa = PBXFileReference; lastKnownFileType = sourcecode.c.h; path = PZPuzzleTest.h; sourceTree = "<group>"; };
		B7AEF1ED159C15F9006EFEF0 /* PZPuzzleTest.m */ = {isa = PBXFileReference; lastKnownFileType = sourcecode.c.objc; path = PZPuzzleTest.m; sourceTree = "<group>"; };
		B7AEF1F8159C177C006EFEF0 /* PZTileImpl.h */ = {isa = PBXFileReference; fileEncoding = 4; lastKnownFileType = sourcecode.c.h; path = PZTileImpl.h; sourceTree = "<group>"; };
		B7AEF1F9159C177C006EFEF0 /* PZTileImpl.m */ = {isa = PBXFileReference; fileEncoding = 4; lastKnownFileType = sourcecode.c.objc; path = PZTileImpl.m; sourceTree = "<group>"; };
		B7AEF1FC159C18D0006EFEF0 /* PZPuzzle.h */ = {isa = PBXFileReference; fileEncoding = 4; lastKnownFileType = sourcecode.c.h; path = PZPuzzle.h; sourceTree = "<group>"; };
		B7AEF1FD159C18D0006EFEF0 /* PZPuzzle.m */ = {isa = PBXFileReference; fileEncoding = 4; lastKnownFileType = sourcecode.c.objc; path = PZPuzzle.m; sourceTree = "<group>"; };
		B7AEF200159D3704006EFEF0 /* PZTileLocation.h */ = {isa = PBXFileReference; fileEncoding = 4; lastKnownFileType = sourcecode.c.h; path = PZTileLocation.h; sourceTree = "<group>"; };
		B7AEF204159D37D6006EFEF0 /* PZTileLocation.m */ = {isa = PBXFileReference; fileEncoding = 4; lastKnownFileType = sourcecode.c.objc; path = PZTileLocation.m; sourceTree = "<group>"; };
		B7AEF207159D6AE4006EFEF0 /* QuartzCore.framework */ = {isa = PBXFileReference; lastKnownFileType = wrapper.framework; name = QuartzCore.framework; path = System/Library/Frameworks/QuartzCore.framework; sourceTree = SDKROOT; };
		B7AEF20A159D735B006EFEF0 /* puzzle_iPhone.png */ = {isa = PBXFileReference; lastKnownFileType = image.png; path = puzzle_iPhone.png; sourceTree = "<group>"; };
		B7B00A5C15FF0C830085434D /* Background_iPhone.png */ = {isa = PBXFileReference; lastKnownFileType = image.png; path = Background_iPhone.png; sourceTree = "<group>"; };
		B7B00A5D15FF0C830085434D /* Tiles_iPhone.png */ = {isa = PBXFileReference; lastKnownFileType = image.png; path = Tiles_iPhone.png; sourceTree = "<group>"; };
		B7B00A6515FF170C0085434D /* Frame_iPhone.png */ = {isa = PBXFileReference; lastKnownFileType = image.png; path = Frame_iPhone.png; sourceTree = "<group>"; };
		B7BA97D415FF1D5B002E296D /* Background_iPhone@2x.png */ = {isa = PBXFileReference; lastKnownFileType = image.png; path = "Background_iPhone@2x.png"; sourceTree = "<group>"; };
		B7BA97D715FF1D6A002E296D /* Frame_iPhone@2x.png */ = {isa = PBXFileReference; lastKnownFileType = image.png; path = "Frame_iPhone@2x.png"; sourceTree = "<group>"; };
		B7BA97D915FF1D79002E296D /* Tiles_iPhone@2x.png */ = {isa = PBXFileReference; lastKnownFileType = image.png; path = "Tiles_iPhone@2x.png"; sourceTree = "<group>"; };
		B7BA97E1160442C0002E296D /* PZStopWatch.h */ = {isa = PBXFileReference; fileEncoding = 4; lastKnownFileType = sourcecode.c.h; path = PZStopWatch.h; sourceTree = "<group>"; };
		B7BA97E2160442C0002E296D /* PZStopWatch.m */ = {isa = PBXFileReference; fileEncoding = 4; lastKnownFileType = sourcecode.c.objc; path = PZStopWatch.m; sourceTree = "<group>"; };
		B7D55068162A7E9D00DC1047 /* HelpButton@2x.png */ = {isa = PBXFileReference; lastKnownFileType = image.png; path = "HelpButton@2x.png"; sourceTree = "<group>"; };
		B7D55069162A7E9D00DC1047 /* HelpButtonPressed@2x.png */ = {isa = PBXFileReference; lastKnownFileType = image.png; path = "HelpButtonPressed@2x.png"; sourceTree = "<group>"; };
		B7EEBE1C15A0C28D00EC5BBB /* PZTile.h */ = {isa = PBXFileReference; lastKnownFileType = sourcecode.c.h; path = PZTile.h; sourceTree = "<group>"; };
		B7EEBE2115A0E69600EC5BBB /* Default.png */ = {isa = PBXFileReference; lastKnownFileType = image.png; path = Default.png; sourceTree = "<group>"; };
		B7EEBE2315A0E9E800EC5BBB /* puzzle_iPhone@2x.png */ = {isa = PBXFileReference; lastKnownFileType = image.png; path = "puzzle_iPhone@2x.png"; sourceTree = "<group>"; };
		B7EEBE2F15A0EE9100EC5BBB /* Icon_iPad.png */ = {isa = PBXFileReference; lastKnownFileType = image.png; path = Icon_iPad.png; sourceTree = "<group>"; };
		B7EEBE3015A0EE9100EC5BBB /* Icon_iPad@2x.png */ = {isa = PBXFileReference; lastKnownFileType = image.png; path = "Icon_iPad@2x.png"; sourceTree = "<group>"; };
		B7EEBE3115A0EE9100EC5BBB /* Icon.png */ = {isa = PBXFileReference; lastKnownFileType = image.png; path = Icon.png; sourceTree = "<group>"; };
		B7EEBE3215A0EE9200EC5BBB /* Icon@2x.png */ = {isa = PBXFileReference; lastKnownFileType = image.png; path = "Icon@2x.png"; sourceTree = "<group>"; };
		B7F5E81116276C9800AA2C24 /* NSMutableArray+BinaryHeap.h */ = {isa = PBXFileReference; fileEncoding = 4; lastKnownFileType = sourcecode.c.h; path = "NSMutableArray+BinaryHeap.h"; sourceTree = "<group>"; };
		B7F5E81216276C9800AA2C24 /* NSMutableArray+BinaryHeap.m */ = {isa = PBXFileReference; fileEncoding = 4; lastKnownFileType = sourcecode.c.objc; path = "NSMutableArray+BinaryHeap.m"; sourceTree = "<group>"; };
		B7F5E8141627771D00AA2C24 /* NSMutableArray+BinaryHeapTest.h */ = {isa = PBXFileReference; fileEncoding = 4; lastKnownFileType = sourcecode.c.h; path = "NSMutableArray+BinaryHeapTest.h"; sourceTree = "<group>"; };
		B7F5E8151627771D00AA2C24 /* NSMutableArray+BinaryHeapTest.m */ = {isa = PBXFileReference; fileEncoding = 4; lastKnownFileType = sourcecode.c.objc; path = "NSMutableArray+BinaryHeapTest.m"; sourceTree = "<group>"; };
		B7F5E817162887BA00AA2C24 /* PZPuzzleSolver.h */ = {isa = PBXFileReference; fileEncoding = 4; lastKnownFileType = sourcecode.c.h; path = PZPuzzleSolver.h; sourceTree = "<group>"; };
		B7F5E818162887BA00AA2C24 /* PZPuzzleSolver.mm */ = {isa = PBXFileReference; fileEncoding = 4; lastKnownFileType = sourcecode.cpp.objcpp; path = PZPuzzleSolver.mm; sourceTree = "<group>"; };
/* End PBXFileReference section */

/* Begin PBXFrameworksBuildPhase section */
		B7AEF1B8159C15F8006EFEF0 /* Frameworks */ = {
			isa = PBXFrameworksBuildPhase;
			buildActionMask = 2147483647;
			files = (
				B7AEF208159D6AE4006EFEF0 /* QuartzCore.framework in Frameworks */,
				B7AEF1C0159C15F8006EFEF0 /* UIKit.framework in Frameworks */,
				B7AEF1C2159C15F8006EFEF0 /* Foundation.framework in Frameworks */,
				B7AEF1C4159C15F8006EFEF0 /* CoreGraphics.framework in Frameworks */,
			);
			runOnlyForDeploymentPostprocessing = 0;
		};
		B7AEF1DB159C15F9006EFEF0 /* Frameworks */ = {
			isa = PBXFrameworksBuildPhase;
			buildActionMask = 2147483647;
			files = (
				B7AEF1E1159C15F9006EFEF0 /* SenTestingKit.framework in Frameworks */,
				B7AEF1E2159C15F9006EFEF0 /* UIKit.framework in Frameworks */,
				B7AEF1E3159C15F9006EFEF0 /* Foundation.framework in Frameworks */,
				B75FC92915A10112002D7185 /* QuartzCore.framework in Frameworks */,
				B75FC92A15A1011D002D7185 /* CoreGraphics.framework in Frameworks */,
			);
			runOnlyForDeploymentPostprocessing = 0;
		};
/* End PBXFrameworksBuildPhase section */

/* Begin PBXGroup section */
		B72877421604FE0800FC253F /* Utils */ = {
			isa = PBXGroup;
			children = (
				B72877431604FE4A00FC253F /* PZMessageFormatter.h */,
				B72877441604FE4A00FC253F /* PZMessageFormatter.m */,
				B7F5E81116276C9800AA2C24 /* NSMutableArray+BinaryHeap.h */,
				B7F5E81216276C9800AA2C24 /* NSMutableArray+BinaryHeap.m */,
			);
			path = Utils;
			sourceTree = "<group>";
		};
		B78370F1162A8EDB00B06013 /* ThirdParty */ = {
			isa = PBXGroup;
			children = (
				B78370F2162A8EDB00B06013 /* Loki */,
			);
			path = ThirdParty;
			sourceTree = "<group>";
		};
		B78370F2162A8EDB00B06013 /* Loki */ = {
			isa = PBXGroup;
			children = (
				B78370FC162A8FB100B06013 /* Threads.h */,
				B78370FB162A8F9E00B06013 /* LokiExport.h */,
				B78370FD162A8FBF00B06013 /* Singleton.h */,
				B78370FE162A935100B06013 /* Singleton.cpp */,
				B78370F7162A8F5F00B06013 /* SmallObj.h */,
				B78370F8162A8F6E00B06013 /* SmallObj.cpp */,
			);
			path = Loki;
			sourceTree = "<group>";
		};
		B7AEF1B0159C15F8006EFEF0 = {
			isa = PBXGroup;
			children = (
				B7AEF1C5159C15F8006EFEF0 /* Puzzle */,
				B7AEF1E6159C15F9006EFEF0 /* PuzzleTests */,
				B7AEF1BE159C15F8006EFEF0 /* Frameworks */,
				B7AEF1BC159C15F8006EFEF0 /* Products */,
			);
			sourceTree = "<group>";
		};
		B7AEF1BC159C15F8006EFEF0 /* Products */ = {
			isa = PBXGroup;
			children = (
				B7AEF1BB159C15F8006EFEF0 /* Puzzle.app */,
				B7AEF1DF159C15F9006EFEF0 /* PuzzleTests.octest */,
			);
			name = Products;
			sourceTree = "<group>";
		};
		B7AEF1BE159C15F8006EFEF0 /* Frameworks */ = {
			isa = PBXGroup;
			children = (
				B7AEF207159D6AE4006EFEF0 /* QuartzCore.framework */,
				B7AEF1BF159C15F8006EFEF0 /* UIKit.framework */,
				B7AEF1C1159C15F8006EFEF0 /* Foundation.framework */,
				B7AEF1C3159C15F8006EFEF0 /* CoreGraphics.framework */,
				B7AEF1E0159C15F9006EFEF0 /* SenTestingKit.framework */,
			);
			name = Frameworks;
			sourceTree = "<group>";
		};
		B7AEF1C5159C15F8006EFEF0 /* Puzzle */ = {
			isa = PBXGroup;
			children = (
				B7AEF1F7159C174E006EFEF0 /* Model */,
				B7AEF209159D735B006EFEF0 /* Resources */,
				B7AEF1C6159C15F8006EFEF0 /* Supporting Files */,
				B78370F1162A8EDB00B06013 /* ThirdParty */,
				B7BB51111627311700E4F762 /* ViewControllers */,
				B72877421604FE0800FC253F /* Utils */,
				B7AEF1CE159C15F8006EFEF0 /* PZAppDelegate.h */,
				B7AEF1CF159C15F8006EFEF0 /* PZAppDelegate.m */,
			);
			path = Puzzle;
			sourceTree = "<group>";
		};
		B7AEF1C6159C15F8006EFEF0 /* Supporting Files */ = {
			isa = PBXGroup;
			children = (
				B7AEF1C8159C15F8006EFEF0 /* InfoPlist.strings */,
				B728774D1605225D00FC253F /* Localizable.strings */,
				B7AEF1CD159C15F8006EFEF0 /* Puzzle-Prefix.pch */,
				B7AEF1C7159C15F8006EFEF0 /* Puzzle-Info.plist */,
				B7AEF1CB159C15F8006EFEF0 /* main.m */,
			);
			name = "Supporting Files";
			sourceTree = "<group>";
		};
		B7AEF1E6159C15F9006EFEF0 /* PuzzleTests */ = {
			isa = PBXGroup;
			children = (
				B7F5E8141627771D00AA2C24 /* NSMutableArray+BinaryHeapTest.h */,
				B7F5E8151627771D00AA2C24 /* NSMutableArray+BinaryHeapTest.m */,
				B7AEF1EC159C15F9006EFEF0 /* PZPuzzleTest.h */,
				B7AEF1ED159C15F9006EFEF0 /* PZPuzzleTest.m */,
				B7AC83DE1628C93000910916 /* PZPuzzleSolverTest.h */,
				B7AC83DF1628C93000910916 /* PZPuzzleSolverTest.m */,
				B7AEF1E7159C15F9006EFEF0 /* Supporting Files */,
			);
			path = PuzzleTests;
			sourceTree = "<group>";
		};
		B7AEF1E7159C15F9006EFEF0 /* Supporting Files */ = {
			isa = PBXGroup;
			children = (
				B7AEF1E8159C15F9006EFEF0 /* PuzzleTests-Info.plist */,
				B7AEF1E9159C15F9006EFEF0 /* InfoPlist.strings */,
			);
			name = "Supporting Files";
			sourceTree = "<group>";
		};
		B7AEF1F7159C174E006EFEF0 /* Model */ = {
			isa = PBXGroup;
			children = (
				B70858E8160FA882007B1204 /* PZHightscoresAccessor.h */,
				B70858E9160FA882007B1204 /* PZHightscoresAccessor.m */,
				B7AEF1FC159C18D0006EFEF0 /* PZPuzzle.h */,
				B7AEF1FD159C18D0006EFEF0 /* PZPuzzle.m */,
				B7BA97E1160442C0002E296D /* PZStopWatch.h */,
				B7BA97E2160442C0002E296D /* PZStopWatch.m */,
				B7EEBE1C15A0C28D00EC5BBB /* PZTile.h */,
				B7AEF1F8159C177C006EFEF0 /* PZTileImpl.h */,
				B7AEF1F9159C177C006EFEF0 /* PZTileImpl.m */,
				B7AEF200159D3704006EFEF0 /* PZTileLocation.h */,
				B7AEF204159D37D6006EFEF0 /* PZTileLocation.m */,
				B7F5E817162887BA00AA2C24 /* PZPuzzleSolver.h */,
				B7F5E818162887BA00AA2C24 /* PZPuzzleSolver.mm */,
			);
			path = Model;
			sourceTree = "<group>";
		};
		B7AEF209159D735B006EFEF0 /* Resources */ = {
			isa = PBXGroup;
			children = (
				B7F5E80F16276B8D00AA2C24 /* Images */,
				B7F5E81016276B9E00AA2C24 /* NIBs */,
			);
			path = Resources;
			sourceTree = "<group>";
		};
		B7BB51111627311700E4F762 /* ViewControllers */ = {
			isa = PBXGroup;
			children = (
				B79C7CB216269631002B4357 /* PZHelpViewController.h */,
				B79C7CB316269631002B4357 /* PZHelpViewController.m */,
				B70858E3160F96B8007B1204 /* PZHighscoresViewController.h */,
				B70858E4160F96B9007B1204 /* PZHighscoresViewController.m */,
				B7AEF1D1159C15F8006EFEF0 /* PZViewController.h */,
				B7AEF1D2159C15F8006EFEF0 /* PZViewController.m */,
				B728773C1604F23000FC253F /* PZWinViewController.h */,
				B728773D1604F23000FC253F /* PZWinViewController.m */,
			);
			path = ViewControllers;
			sourceTree = "<group>";
		};
		B7F5E80F16276B8D00AA2C24 /* Images */ = {
			isa = PBXGroup;
			children = (
				B70858E1160EFEC7007B1204 /* Default@2x.png */,
				B7B00A5C15FF0C830085434D /* Background_iPhone.png */,
				B7BA97D415FF1D5B002E296D /* Background_iPhone@2x.png */,
				B7B00A6515FF170C0085434D /* Frame_iPhone.png */,
				B7BA97D715FF1D6A002E296D /* Frame_iPhone@2x.png */,
				B7B00A5D15FF0C830085434D /* Tiles_iPhone.png */,
				B7BA97D915FF1D79002E296D /* Tiles_iPhone@2x.png */,
				B7AEF20A159D735B006EFEF0 /* puzzle_iPhone.png */,
				B7EEBE2315A0E9E800EC5BBB /* puzzle_iPhone@2x.png */,
				B742378E15A15E6B00719A6C /* puzzle_iPad.png */,
				B742378F15A15E6B00719A6C /* puzzle_iPad@2x.png */,
				B7EEBE2115A0E69600EC5BBB /* Default.png */,
				B7EEBE2F15A0EE9100EC5BBB /* Icon_iPad.png */,
				B7EEBE3015A0EE9100EC5BBB /* Icon_iPad@2x.png */,
				B7EEBE3115A0EE9100EC5BBB /* Icon.png */,
				B7EEBE3215A0EE9200EC5BBB /* Icon@2x.png */,
				B75FC92115A0FEE6002D7185 /* Default-Portrait@2x~ipad.png */,
				B75FC92215A0FEE6002D7185 /* Default-Portrait~ipad.png */,
				B7D55068162A7E9D00DC1047 /* HelpButton@2x.png */,
				B7D55069162A7E9D00DC1047 /* HelpButtonPressed@2x.png */,
				B70858F716118C1B007B1204 /* HighscoresButton@2x.png */,
				B70858F816118C1B007B1204 /* HighscoresButtonPressed@2x.png */,
			);
			name = Images;
			sourceTree = "<group>";
		};
		B7F5E81016276B9E00AA2C24 /* NIBs */ = {
			isa = PBXGroup;
			children = (
				B728773E1604F23000FC253F /* PZWinViewController.xib */,
				B7AEF1D4159C15F8006EFEF0 /* PZViewController_iPhone.xib */,
				B7AEF1D7159C15F8006EFEF0 /* PZViewController_iPad.xib */,
				B70858E5160F96BA007B1204 /* PZHighscoresViewController.xib */,
				B79C7CB81626966E002B4357 /* PZHelpViewController.xib */,
			);
			name = NIBs;
			sourceTree = "<group>";
		};
/* End PBXGroup section */

/* Begin PBXNativeTarget section */
		B7AEF1BA159C15F8006EFEF0 /* Puzzle */ = {
			isa = PBXNativeTarget;
			buildConfigurationList = B7AEF1F1159C15F9006EFEF0 /* Build configuration list for PBXNativeTarget "Puzzle" */;
			buildPhases = (
				B7AEF1B7159C15F8006EFEF0 /* Sources */,
				B7AEF1B8159C15F8006EFEF0 /* Frameworks */,
				B7AEF1B9159C15F8006EFEF0 /* Resources */,
			);
			buildRules = (
			);
			dependencies = (
			);
			name = Puzzle;
			productName = Puzzle;
			productReference = B7AEF1BB159C15F8006EFEF0 /* Puzzle.app */;
			productType = "com.apple.product-type.application";
		};
		B7AEF1DE159C15F9006EFEF0 /* PuzzleTests */ = {
			isa = PBXNativeTarget;
			buildConfigurationList = B7AEF1F4159C15F9006EFEF0 /* Build configuration list for PBXNativeTarget "PuzzleTests" */;
			buildPhases = (
				B7AEF1DA159C15F9006EFEF0 /* Sources */,
				B7AEF1DB159C15F9006EFEF0 /* Frameworks */,
				B7AEF1DC159C15F9006EFEF0 /* Resources */,
				B7AEF1DD159C15F9006EFEF0 /* ShellScript */,
			);
			buildRules = (
			);
			dependencies = (
				B7AEF1E5159C15F9006EFEF0 /* PBXTargetDependency */,
			);
			name = PuzzleTests;
			productName = PuzzleTests;
			productReference = B7AEF1DF159C15F9006EFEF0 /* PuzzleTests.octest */;
			productType = "com.apple.product-type.bundle";
		};
/* End PBXNativeTarget section */

/* Begin PBXProject section */
		B7AEF1B2159C15F8006EFEF0 /* Project object */ = {
			isa = PBXProject;
			attributes = {
				CLASSPREFIX = PZ;
				LastUpgradeCheck = 0430;
			};
			buildConfigurationList = B7AEF1B5159C15F8006EFEF0 /* Build configuration list for PBXProject "Puzzle" */;
			compatibilityVersion = "Xcode 3.2";
			developmentRegion = English;
			hasScannedForEncodings = 0;
			knownRegions = (
				en,
			);
			mainGroup = B7AEF1B0159C15F8006EFEF0;
			productRefGroup = B7AEF1BC159C15F8006EFEF0 /* Products */;
			projectDirPath = "";
			projectRoot = "";
			targets = (
				B7AEF1BA159C15F8006EFEF0 /* Puzzle */,
				B7AEF1DE159C15F9006EFEF0 /* PuzzleTests */,
			);
		};
/* End PBXProject section */

/* Begin PBXResourcesBuildPhase section */
		B7AEF1B9159C15F8006EFEF0 /* Resources */ = {
			isa = PBXResourcesBuildPhase;
			buildActionMask = 2147483647;
			files = (
				B7AEF1CA159C15F8006EFEF0 /* InfoPlist.strings in Resources */,
				B7AEF1D6159C15F8006EFEF0 /* PZViewController_iPhone.xib in Resources */,
				B7AEF1D9159C15F8006EFEF0 /* PZViewController_iPad.xib in Resources */,
				B7AEF20B159D735B006EFEF0 /* puzzle_iPhone.png in Resources */,
				B7EEBE2215A0E69600EC5BBB /* Default.png in Resources */,
				B7EEBE2415A0E9E800EC5BBB /* puzzle_iPhone@2x.png in Resources */,
				B7EEBE3315A0EE9200EC5BBB /* Icon_iPad.png in Resources */,
				B7EEBE3415A0EE9200EC5BBB /* Icon_iPad@2x.png in Resources */,
				B7EEBE3515A0EE9200EC5BBB /* Icon.png in Resources */,
				B7EEBE3615A0EE9200EC5BBB /* Icon@2x.png in Resources */,
				B75FC92315A0FEE6002D7185 /* Default-Portrait@2x~ipad.png in Resources */,
				B75FC92415A0FEE6002D7185 /* Default-Portrait~ipad.png in Resources */,
				B742379015A15E6B00719A6C /* puzzle_iPad.png in Resources */,
				B742379115A15E6B00719A6C /* puzzle_iPad@2x.png in Resources */,
				B7B00A5E15FF0C840085434D /* Background_iPhone.png in Resources */,
				B7B00A5F15FF0C840085434D /* Tiles_iPhone.png in Resources */,
				B7B00A6615FF170C0085434D /* Frame_iPhone.png in Resources */,
				B7BA97D515FF1D5B002E296D /* Background_iPhone@2x.png in Resources */,
				B7BA97D815FF1D6A002E296D /* Frame_iPhone@2x.png in Resources */,
				B7BA97DA15FF1D79002E296D /* Tiles_iPhone@2x.png in Resources */,
				B72877401604F23000FC253F /* PZWinViewController.xib in Resources */,
				B728774B1605225D00FC253F /* Localizable.strings in Resources */,
				B70858E2160EFEC7007B1204 /* Default@2x.png in Resources */,
				B70858E7160F96BA007B1204 /* PZHighscoresViewController.xib in Resources */,
				B70858F916118C1B007B1204 /* HighscoresButton@2x.png in Resources */,
				B70858FA16118C1B007B1204 /* HighscoresButtonPressed@2x.png in Resources */,
				B79C7CBA1626966E002B4357 /* PZHelpViewController.xib in Resources */,
				B7D5506A162A7E9D00DC1047 /* HelpButton@2x.png in Resources */,
				B7D5506B162A7E9D00DC1047 /* HelpButtonPressed@2x.png in Resources */,
			);
			runOnlyForDeploymentPostprocessing = 0;
		};
		B7AEF1DC159C15F9006EFEF0 /* Resources */ = {
			isa = PBXResourcesBuildPhase;
			buildActionMask = 2147483647;
			files = (
				B7AEF1EB159C15F9006EFEF0 /* InfoPlist.strings in Resources */,
				B7AEF20C159D735B006EFEF0 /* puzzle_iPhone.png in Resources */,
			);
			runOnlyForDeploymentPostprocessing = 0;
		};
/* End PBXResourcesBuildPhase section */

/* Begin PBXShellScriptBuildPhase section */
		B7AEF1DD159C15F9006EFEF0 /* ShellScript */ = {
			isa = PBXShellScriptBuildPhase;
			buildActionMask = 2147483647;
			files = (
			);
			inputPaths = (
			);
			outputPaths = (
			);
			runOnlyForDeploymentPostprocessing = 0;
			shellPath = /bin/sh;
			shellScript = "# Run the unit tests in this test bundle.\n\"${SYSTEM_DEVELOPER_DIR}/Tools/RunUnitTests\"\n";
		};
/* End PBXShellScriptBuildPhase section */

/* Begin PBXSourcesBuildPhase section */
		B7AEF1B7159C15F8006EFEF0 /* Sources */ = {
			isa = PBXSourcesBuildPhase;
			buildActionMask = 2147483647;
			files = (
				B7AEF1CC159C15F8006EFEF0 /* main.m in Sources */,
				B7AEF1D0159C15F8006EFEF0 /* PZAppDelegate.m in Sources */,
				B7AEF1D3159C15F8006EFEF0 /* PZViewController.m in Sources */,
				B7AEF1FA159C177C006EFEF0 /* PZTileImpl.m in Sources */,
				B7AEF1FE159C18D0006EFEF0 /* PZPuzzle.m in Sources */,
				B7AEF205159D37D6006EFEF0 /* PZTileLocation.m in Sources */,
				B7BA97E3160442C0002E296D /* PZStopWatch.m in Sources */,
				B728773F1604F23000FC253F /* PZWinViewController.m in Sources */,
				B72877451604FE4A00FC253F /* PZMessageFormatter.m in Sources */,
				B70858E6160F96BA007B1204 /* PZHighscoresViewController.m in Sources */,
				B70858EA160FA882007B1204 /* PZHightscoresAccessor.m in Sources */,
				B79C7CB516269631002B4357 /* PZHelpViewController.m in Sources */,
			);
			runOnlyForDeploymentPostprocessing = 0;
		};
		B7AEF1DA159C15F9006EFEF0 /* Sources */ = {
			isa = PBXSourcesBuildPhase;
			buildActionMask = 2147483647;
			files = (
				B7AEF1EE159C15F9006EFEF0 /* PZPuzzleTest.m in Sources */,
				B7AEF1FB159C177C006EFEF0 /* PZTileImpl.m in Sources */,
				B7AEF1FF159C18D0006EFEF0 /* PZPuzzle.m in Sources */,
				B7AEF206159D37D6006EFEF0 /* PZTileLocation.m in Sources */,
				B7F5E8161627771D00AA2C24 /* NSMutableArray+BinaryHeapTest.m in Sources */,
				B7AC83E01628C93000910916 /* PZPuzzleSolverTest.m in Sources */,
				B7AC83E21628CDE600910916 /* PZPuzzleSolver.mm in Sources */,
				B78370FA162A8F6E00B06013 /* SmallObj.cpp in Sources */,
				B7837100162A935100B06013 /* Singleton.cpp in Sources */,
			);
			runOnlyForDeploymentPostprocessing = 0;
		};
/* End PBXSourcesBuildPhase section */

/* Begin PBXTargetDependency section */
		B7AEF1E5159C15F9006EFEF0 /* PBXTargetDependency */ = {
			isa = PBXTargetDependency;
			target = B7AEF1BA159C15F8006EFEF0 /* Puzzle */;
			targetProxy = B7AEF1E4159C15F9006EFEF0 /* PBXContainerItemProxy */;
		};
/* End PBXTargetDependency section */

/* Begin PBXVariantGroup section */
		B728774D1605225D00FC253F /* Localizable.strings */ = {
			isa = PBXVariantGroup;
			children = (
				B728774C1605225D00FC253F /* en */,
				B728774E1605227E00FC253F /* ru */,
			);
			name = Localizable.strings;
			sourceTree = "<group>";
		};
		B79C7CB81626966E002B4357 /* PZHelpViewController.xib */ = {
			isa = PBXVariantGroup;
			children = (
				B79C7CB91626966E002B4357 /* en */,
			);
			name = PZHelpViewController.xib;
			path = ..;
			sourceTree = "<group>";
		};
		B7AEF1C8159C15F8006EFEF0 /* InfoPlist.strings */ = {
			isa = PBXVariantGroup;
			children = (
				B7AEF1C9159C15F8006EFEF0 /* en */,
			);
			name = InfoPlist.strings;
			sourceTree = "<group>";
		};
		B7AEF1D4159C15F8006EFEF0 /* PZViewController_iPhone.xib */ = {
			isa = PBXVariantGroup;
			children = (
				B7AEF1D5159C15F8006EFEF0 /* en */,
			);
			name = PZViewController_iPhone.xib;
			path = ..;
			sourceTree = "<group>";
		};
		B7AEF1D7159C15F8006EFEF0 /* PZViewController_iPad.xib */ = {
			isa = PBXVariantGroup;
			children = (
				B7AEF1D8159C15F8006EFEF0 /* en */,
			);
			name = PZViewController_iPad.xib;
			path = ..;
			sourceTree = "<group>";
		};
		B7AEF1E9159C15F9006EFEF0 /* InfoPlist.strings */ = {
			isa = PBXVariantGroup;
			children = (
				B7AEF1EA159C15F9006EFEF0 /* en */,
			);
			name = InfoPlist.strings;
			sourceTree = "<group>";
		};
/* End PBXVariantGroup section */

/* Begin XCBuildConfiguration section */
		B7AEF1EF159C15F9006EFEF0 /* Debug */ = {
			isa = XCBuildConfiguration;
			buildSettings = {
				ALWAYS_SEARCH_USER_PATHS = NO;
				ARCHS = armv7;
				CLANG_ENABLE_OBJC_ARC = YES;
				CODE_SIGN_IDENTITY = "";
				"CODE_SIGN_IDENTITY[sdk=iphoneos*]" = "iPhone Developer: Eugene But (C59BANDBE9)";
				COPY_PHASE_STRIP = NO;
				GCC_C_LANGUAGE_STANDARD = gnu99;
				GCC_DYNAMIC_NO_PIC = NO;
				GCC_OPTIMIZATION_LEVEL = 0;
				GCC_PREPROCESSOR_DEFINITIONS = (
					"DEBUG=1",
					"$(inherited)",
				);
				GCC_SYMBOLS_PRIVATE_EXTERN = NO;
				GCC_THUMB_SUPPORT = NO;
				GCC_VERSION = com.apple.compilers.llvm.clang.1_0;
				GCC_WARN_ABOUT_RETURN_TYPE = YES;
				GCC_WARN_UNINITIALIZED_AUTOS = YES;
				GCC_WARN_UNUSED_VARIABLE = YES;
				IPHONEOS_DEPLOYMENT_TARGET = 5.1;
				"PROVISIONING_PROFILE[sdk=iphoneos*]" = "FBA474F9-A4D9-4A38-8482-BCF20C81E1BB";
				SDKROOT = iphoneos;
				TARGETED_DEVICE_FAMILY = "1,2";
			};
			name = Debug;
		};
		B7AEF1F0159C15F9006EFEF0 /* Release */ = {
			isa = XCBuildConfiguration;
			buildSettings = {
				ALWAYS_SEARCH_USER_PATHS = NO;
				ARCHS = armv7;
				CLANG_ENABLE_OBJC_ARC = YES;
				CODE_SIGN_IDENTITY = "";
				"CODE_SIGN_IDENTITY[sdk=iphoneos*]" = "iPhone Developer: Eugene But (C59BANDBE9)";
				COPY_PHASE_STRIP = YES;
				GCC_C_LANGUAGE_STANDARD = gnu99;
				GCC_THUMB_SUPPORT = NO;
				GCC_VERSION = com.apple.compilers.llvm.clang.1_0;
				GCC_WARN_ABOUT_RETURN_TYPE = YES;
				GCC_WARN_UNINITIALIZED_AUTOS = YES;
				GCC_WARN_UNUSED_VARIABLE = YES;
				IPHONEOS_DEPLOYMENT_TARGET = 5.1;
				OTHER_CFLAGS = "-DNS_BLOCK_ASSERTIONS=1";
				"PROVISIONING_PROFILE[sdk=iphoneos*]" = "FBA474F9-A4D9-4A38-8482-BCF20C81E1BB";
				SDKROOT = iphoneos;
				TARGETED_DEVICE_FAMILY = "1,2";
				VALIDATE_PRODUCT = YES;
			};
			name = Release;
		};
		B7AEF1F2159C15F9006EFEF0 /* Debug */ = {
			isa = XCBuildConfiguration;
			buildSettings = {
				GCC_PRECOMPILE_PREFIX_HEADER = YES;
				GCC_PREFIX_HEADER = "Puzzle/Puzzle-Prefix.pch";
				GCC_THUMB_SUPPORT = NO;
				INFOPLIST_FILE = "Puzzle/Puzzle-Info.plist";
				PRODUCT_NAME = "$(TARGET_NAME)";
				WRAPPER_EXTENSION = app;
			};
			name = Debug;
		};
		B7AEF1F3159C15F9006EFEF0 /* Release */ = {
			isa = XCBuildConfiguration;
			buildSettings = {
				GCC_PRECOMPILE_PREFIX_HEADER = YES;
				GCC_PREFIX_HEADER = "Puzzle/Puzzle-Prefix.pch";
				GCC_THUMB_SUPPORT = NO;
				INFOPLIST_FILE = "Puzzle/Puzzle-Info.plist";
				PRODUCT_NAME = "$(TARGET_NAME)";
				WRAPPER_EXTENSION = app;
			};
			name = Release;
		};
		B7AEF1F5159C15F9006EFEF0 /* Debug */ = {
			isa = XCBuildConfiguration;
			buildSettings = {
				BUNDLE_LOADER = "$(BUILT_PRODUCTS_DIR)/Puzzle.app/Puzzle";
				FRAMEWORK_SEARCH_PATHS = (
					"$(SDKROOT)/Developer/Library/Frameworks",
					"$(DEVELOPER_LIBRARY_DIR)/Frameworks",
				);
				GCC_PRECOMPILE_PREFIX_HEADER = YES;
				GCC_PREFIX_HEADER = "Puzzle/Puzzle-Prefix.pch";
				GCC_THUMB_SUPPORT = NO;
				INFOPLIST_FILE = "PuzzleTests/PuzzleTests-Info.plist";
				PRODUCT_NAME = "$(TARGET_NAME)";
				TEST_HOST = "$(BUNDLE_LOADER)";
				WRAPPER_EXTENSION = octest;
			};
			name = Debug;
		};
		B7AEF1F6159C15F9006EFEF0 /* Release */ = {
			isa = XCBuildConfiguration;
			buildSettings = {
				BUNDLE_LOADER = "$(BUILT_PRODUCTS_DIR)/Puzzle.app/Puzzle";
				FRAMEWORK_SEARCH_PATHS = (
					"$(SDKROOT)/Developer/Library/Frameworks",
					"$(DEVELOPER_LIBRARY_DIR)/Frameworks",
				);
				GCC_PRECOMPILE_PREFIX_HEADER = YES;
				GCC_PREFIX_HEADER = "Puzzle/Puzzle-Prefix.pch";
				GCC_THUMB_SUPPORT = NO;
				INFOPLIST_FILE = "PuzzleTests/PuzzleTests-Info.plist";
				PRODUCT_NAME = "$(TARGET_NAME)";
				TEST_HOST = "$(BUNDLE_LOADER)";
				WRAPPER_EXTENSION = octest;
			};
			name = Release;
		};
/* End XCBuildConfiguration section */

/* Begin XCConfigurationList section */
		B7AEF1B5159C15F8006EFEF0 /* Build configuration list for PBXProject "Puzzle" */ = {
			isa = XCConfigurationList;
			buildConfigurations = (
				B7AEF1EF159C15F9006EFEF0 /* Debug */,
				B7AEF1F0159C15F9006EFEF0 /* Release */,
			);
			defaultConfigurationIsVisible = 0;
			defaultConfigurationName = Release;
		};
		B7AEF1F1159C15F9006EFEF0 /* Build configuration list for PBXNativeTarget "Puzzle" */ = {
			isa = XCConfigurationList;
			buildConfigurations = (
				B7AEF1F2159C15F9006EFEF0 /* Debug */,
				B7AEF1F3159C15F9006EFEF0 /* Release */,
			);
			defaultConfigurationIsVisible = 0;
			defaultConfigurationName = Release;
		};
		B7AEF1F4159C15F9006EFEF0 /* Build configuration list for PBXNativeTarget "PuzzleTests" */ = {
			isa = XCConfigurationList;
			buildConfigurations = (
				B7AEF1F5159C15F9006EFEF0 /* Debug */,
				B7AEF1F6159C15F9006EFEF0 /* Release */,
			);
			defaultConfigurationIsVisible = 0;
			defaultConfigurationName = Release;
		};
/* End XCConfigurationList section */
	};
	rootObject = B7AEF1B2159C15F8006EFEF0 /* Project object */;
}
